
Microsoft Visual Studio Solution File, Format Version 12.00
# Visual Studio Version 17
VisualStudioVersion = 17.14.36221.1
MinimumVisualStudioVersion = 10.0.40219.1
Project("{FAE04EC0-301F-11D3-BF4B-00C04F79EFBC}") = "MauiLoginAPI", "MauiLoginAPI\MauiLoginAPI.csproj", "{93752ECF-8B42-4EB3-BEF2-1CB111FC9E7A}"
EndProject
Global
	GlobalSection(SolutionConfigurationPlatforms) = preSolution
		Debug|Any CPU = Debug|Any CPU
		Release|Any CPU = Release|Any CPU
	EndGlobalSection
	GlobalSection(ProjectConfigurationPlatforms) = postSolution
		{93752ECF-8B42-4EB3-BEF2-1CB111FC9E7A}.Debug|Any CPU.ActiveCfg = Debug|Any CPU
		{93752ECF-8B42-4EB3-BEF2-1CB111FC9E7A}.Debug|Any CPU.Build.0 = Debug|Any CPU
		{93752ECF-8B42-4EB3-BEF2-1CB111FC9E7A}.Release|Any CPU.ActiveCfg = Release|Any CPU
		{93752ECF-8B42-4EB3-BEF2-1CB111FC9E7A}.Release|Any CPU.Build.0 = Release|Any CPU
	EndGlobalSection
	GlobalSection(SolutionProperties) = preSolution
		HideSolutionNode = FALSE
	EndGlobalSection
	GlobalSection(ExtensibilityGlobals) = postSolution
		SolutionGuid = {A9A0E2CF-CAF9-4C77-A602-F32A371B16D3}
	EndGlobalSection
EndGlobal
